{
  "name": "GamesHub",
  "lockfileVersion": 3,
  "requires": true,
  "packages": {
    "": {
      "dependencies": {
        "zdog": "^1.1.3"
      },
      "devDependencies": {
        "@types/zdog": "^1.1.7"
      }
    },
    "node_modules/@types/zdog": {
      "version": "1.1.7",
      "resolved": "https://registry.npmjs.org/@types/zdog/-/zdog-1.1.7.tgz",
      "integrity": "sha512-Jh/WnSj9BpyKhXynv56djo3JcpNaCze3BhUv3oT45pDMM4YzCQ/KjWekj9IUJlNEIMg+do1yjAeLxhgDsXEB8g==",
      "dev": true
    },
    "node_modules/zdog": {
      "version": "1.1.3",
      "resolved": "https://registry.npmjs.org/zdog/-/zdog-1.1.3.tgz",
      "integrity": "sha512-raRj6r0gPzopFm5XWBJZr/NuV4EEnT4iE+U3dp5FV5pCb588Gmm3zLIp/j9yqqcMiHH8VNQlerLTgOqL7krh6w=="
    }
  }
}
